
Microsoft Visual Studio Solution File, Format Version 12.00
# Visual Studio Version 17
VisualStudioVersion = 17.1.32421.90
MinimumVisualStudioVersion = 10.0.40219.1
Project("{9A19103F-16F7-4668-BE54-9A1E7A4F7556}") = "Morrison_Gym.API", "Morrison_Gym.API\Morrison_Gym.API.csproj", "{1093EB8A-9516-4AD5-90A2-9BE244351B93}"
EndProject
Global
	GlobalSection(SolutionConfigurationPlatforms) = preSolution
		Debug|Any CPU = Debug|Any CPU
		Release|Any CPU = Release|Any CPU
	EndGlobalSection
	GlobalSection(ProjectConfigurationPlatforms) = postSolution
		{1093EB8A-9516-4AD5-90A2-9BE244351B93}.Debug|Any CPU.ActiveCfg = Debug|Any CPU
		{1093EB8A-9516-4AD5-90A2-9BE244351B93}.Debug|Any CPU.Build.0 = Debug|Any CPU
		{1093EB8A-9516-4AD5-90A2-9BE244351B93}.Release|Any CPU.ActiveCfg = Release|Any CPU
		{1093EB8A-9516-4AD5-90A2-9BE244351B93}.Release|Any CPU.Build.0 = Release|Any CPU
	EndGlobalSection
	GlobalSection(SolutionProperties) = preSolution
		HideSolutionNode = FALSE
	EndGlobalSection
	GlobalSection(ExtensibilityGlobals) = postSolution
		SolutionGuid = {0FAD3D60-4B88-402F-9CBD-2C1BD9536E92}
	EndGlobalSection
EndGlobal
